// !$*UTF8*$!
{
	archiveVersion = 1;
	classes = {
	};
	objectVersion = 52;
	objects = {

/* Begin PBXBuildFile section */
		279E01DF25AEA11C00E88B52 /* CRUDApp.swift in Sources */ = {isa = PBXBuildFile; fileRef = 279E01DE25AEA11C00E88B52 /* CRUDApp.swift */; };
		279E01E125AEA11C00E88B52 /* ContentView.swift in Sources */ = {isa = PBXBuildFile; fileRef = 279E01E025AEA11C00E88B52 /* ContentView.swift */; };
		279E01E325AEA12200E88B52 /* Assets.xcassets in Resources */ = {isa = PBXBuildFile; fileRef = 279E01E225AEA12200E88B52 /* Assets.xcassets */; };
		279E01E625AEA12200E88B52 /* Preview Assets.xcassets in Resources */ = {isa = PBXBuildFile; fileRef = 279E01E525AEA12200E88B52 /* Preview Assets.xcassets */; };
		279E01F025AEA30100E88B52 /* Realm in Frameworks */ = {isa = PBXBuildFile; productRef = 279E01EF25AEA30100E88B52 /* Realm */; };
		279E01F225AEA30100E88B52 /* RealmSwift in Frameworks */ = {isa = PBXBuildFile; productRef = 279E01F125AEA30100E88B52 /* RealmSwift */; };
		279E01FE25AEA33B00E88B52 /* Home.swift in Sources */ = {isa = PBXBuildFile; fileRef = 279E01FD25AEA33B00E88B52 /* Home.swift */; };
		279E020125AF1EB900E88B52 /* AddPageView.swift in Sources */ = {isa = PBXBuildFile; fileRef = 279E020025AF1EB900E88B52 /* AddPageView.swift */; };
		279E020425AF1F3400E88B52 /* DBViewModel.swift in Sources */ = {isa = PBXBuildFile; fileRef = 279E020325AF1F3400E88B52 /* DBViewModel.swift */; };
		279E020725AF258000E88B52 /* Card.swift in Sources */ = {isa = PBXBuildFile; fileRef = 279E020625AF258000E88B52 /* Card.swift */; };
/* End PBXBuildFile section */

/* Begin PBXFileReference section */
		279E01DB25AEA11C00E88B52 /* CRUD.app */ = {isa = PBXFileReference; explicitFileType = wrapper.application; includeInIndex = 0; path = CRUD.app; sourceTree = BUILT_PRODUCTS_DIR; };
		279E01DE25AEA11C00E88B52 /* CRUDApp.swift */ = {isa = PBXFileReference; lastKnownFileType = sourcecode.swift; path = CRUDApp.swift; sourceTree = "<group>"; };
		279E01E025AEA11C00E88B52 /* ContentView.swift */ = {isa = PBXFileReference; lastKnownFileType = sourcecode.swift; path = ContentView.swift; sourceTree = "<group>"; };
		279E01E225AEA12200E88B52 /* Assets.xcassets */ = {isa = PBXFileReference; lastKnownFileType = folder.assetcatalog; path = Assets.xcassets; sourceTree = "<group>"; };
		279E01E525AEA12200E88B52 /* Preview Assets.xcassets */ = {isa = PBXFileReference; lastKnownFileType = folder.assetcatalog; path = "Preview Assets.xcassets"; sourceTree = "<group>"; };
		279E01E725AEA12200E88B52 /* Info.plist */ = {isa = PBXFileReference; lastKnownFileType = text.plist.xml; path = Info.plist; sourceTree = "<group>"; };
		279E01FD25AEA33B00E88B52 /* Home.swift */ = {isa = PBXFileReference; lastKnownFileType = sourcecode.swift; path = Home.swift; sourceTree = "<group>"; };
		279E020025AF1EB900E88B52 /* AddPageView.swift */ = {isa = PBXFileReference; lastKnownFileType = sourcecode.swift; path = AddPageView.swift; sourceTree = "<group>"; };
		279E020325AF1F3400E88B52 /* DBViewModel.swift */ = {isa = PBXFileReference; lastKnownFileType = sourcecode.swift; path = DBViewModel.swift; sourceTree = "<group>"; };
		279E020625AF258000E88B52 /* Card.swift */ = {isa = PBXFileReference; lastKnownFileType = sourcecode.swift; path = Card.swift; sourceTree = "<group>"; };
/* End PBXFileReference section */

/* Begin PBXFrameworksBuildPhase section */
		279E01D825AEA11C00E88B52 /* Frameworks */ = {
			isa = PBXFrameworksBuildPhase;
			buildActionMask = 2147483647;
			files = (
				279E01F225AEA30100E88B52 /* RealmSwift in Frameworks */,
				279E01F025AEA30100E88B52 /* Realm in Frameworks */,
			);
			runOnlyForDeploymentPostprocessing = 0;
		};
/* End PBXFrameworksBuildPhase section */

/* Begin PBXGroup section */
		279E01D225AEA11C00E88B52 = {
			isa = PBXGroup;
			children = (
				279E01DD25AEA11C00E88B52 /* CRUD */,
				279E01DC25AEA11C00E88B52 /* Products */,
			);
			sourceTree = "<group>";
		};
		279E01DC25AEA11C00E88B52 /* Products */ = {
			isa = PBXGroup;
			children = (
				279E01DB25AEA11C00E88B52 /* CRUD.app */,
			);
			name = Products;
			sourceTree = "<group>";
		};
		279E01DD25AEA11C00E88B52 /* CRUD */ = {
			isa = PBXGroup;
			children = (
				279E01FA25AEA32200E88B52 /* ViewModel */,
				279E01F725AEA31D00E88B52 /* Model */,
				279E01F425AEA31600E88B52 /* View */,
				279E01DE25AEA11C00E88B52 /* CRUDApp.swift */,
				279E01E025AEA11C00E88B52 /* ContentView.swift */,
				279E01E225AEA12200E88B52 /* Assets.xcassets */,
				279E01E725AEA12200E88B52 /* Info.plist */,
				279E01E425AEA12200E88B52 /* Preview Content */,
			);
			path = CRUD;
			sourceTree = "<group>";
		};
		279E01E425AEA12200E88B52 /* Preview Content */ = {
			isa = PBXGroup;
			children = (
				279E01E525AEA12200E88B52 /* Preview Assets.xcassets */,
			);
			path = "Preview Content";
			sourceTree = "<group>";
		};
		279E01F425AEA31600E88B52 /* View */ = {
			isa = PBXGroup;
			children = (
				279E01FD25AEA33B00E88B52 /* Home.swift */,
				279E020025AF1EB900E88B52 /* AddPageView.swift */,
			);
			path = View;
			sourceTree = "<group>";
		};
		279E01F725AEA31D00E88B52 /* Model */ = {
			isa = PBXGroup;
			children = (
				279E020625AF258000E88B52 /* Card.swift */,
			);
			path = Model;
			sourceTree = "<group>";
		};
		279E01FA25AEA32200E88B52 /* ViewModel */ = {
			isa = PBXGroup;
			children = (
				279E020325AF1F3400E88B52 /* DBViewModel.swift */,
			);
			path = ViewModel;
			sourceTree = "<group>";
		};
/* End PBXGroup section */

/* Begin PBXNativeTarget section */
		279E01DA25AEA11C00E88B52 /* CRUD */ = {
			isa = PBXNativeTarget;
			buildConfigurationList = 279E01EA25AEA12200E88B52 /* Build configuration list for PBXNativeTarget "CRUD" */;
			buildPhases = (
				279E01D725AEA11C00E88B52 /* Sources */,
				279E01D825AEA11C00E88B52 /* Frameworks */,
				279E01D925AEA11C00E88B52 /* Resources */,
			);
			buildRules = (
			);
			dependencies = (
			);
			name = CRUD;
			packageProductDependencies = (
				279E01EF25AEA30100E88B52 /* Realm */,
				279E01F125AEA30100E88B52 /* RealmSwift */,
			);
			productName = CRUD;
			productReference = 279E01DB25AEA11C00E88B52 /* CRUD.app */;
			productType = "com.apple.product-type.application";
		};
/* End PBXNativeTarget section */

/* Begin PBXProject section */
		279E01D325AEA11C00E88B52 /* Project object */ = {
			isa = PBXProject;
			attributes = {
				LastSwiftUpdateCheck = 1230;
				LastUpgradeCheck = 1230;
				TargetAttributes = {
					279E01DA25AEA11C00E88B52 = {
						CreatedOnToolsVersion = 12.3;
					};
				};
			};
			buildConfigurationList = 279E01D625AEA11C00E88B52 /* Build configuration list for PBXProject "CRUD" */;
			compatibilityVersion = "Xcode 9.3";
			developmentRegion = en;
			hasScannedForEncodings = 0;
			knownRegions = (
				en,
				Base,
			);
			mainGroup = 279E01D225AEA11C00E88B52;
			packageReferences = (
				279E01EE25AEA30100E88B52 /* XCRemoteSwiftPackageReference "realm-cocoa" */,
			);
			productRefGroup = 279E01DC25AEA11C00E88B52 /* Products */;
			projectDirPath = "";
			projectRoot = "";
			targets = (
				279E01DA25AEA11C00E88B52 /* CRUD */,
			);
		};
/* End PBXProject section */

/* Begin PBXResourcesBuildPhase section */
		279E01D925AEA11C00E88B52 /* Resources */ = {
			isa = PBXResourcesBuildPhase;
			buildActionMask = 2147483647;
			files = (
				279E01E625AEA12200E88B52 /* Preview Assets.xcassets in Resources */,
				279E01E325AEA12200E88B52 /* Assets.xcassets in Resources */,
			);
			runOnlyForDeploymentPostprocessing = 0;
		};
/* End PBXResourcesBuildPhase section */

/* Begin PBXSourcesBuildPhase section */
		279E01D725AEA11C00E88B52 /* Sources */ = {
			isa = PBXSourcesBuildPhase;
			buildActionMask = 2147483647;
			files = (
				279E01E125AEA11C00E88B52 /* ContentView.swift in Sources */,
				279E020725AF258000E88B52 /* Card.swift in Sources */,
				279E020425AF1F3400E88B52 /* DBViewModel.swift in Sources */,
				279E020125AF1EB900E88B52 /* AddPageView.swift in Sources */,
				279E01FE25AEA33B00E88B52 /* Home.swift in Sources */,
				279E01DF25AEA11C00E88B52 /* CRUDApp.swift in Sources */,
			);
			runOnlyForDeploymentPostprocessing = 0;
		};
/* End PBXSourcesBuildPhase section */

/* Begin XCBuildConfiguration section */
		279E01E825AEA12200E88B52 /* Debug */ = {
			isa = XCBuildConfiguration;
			buildSettings = {
				ALWAYS_SEARCH_USER_PATHS = NO;
				CLANG_ANALYZER_NONNULL = YES;
				CLANG_ANALYZER_NUMBER_OBJECT_CONVERSION = YES_AGGRESSIVE;
				CLANG_CXX_LANGUAGE_STANDARD = "gnu++14";
				CLANG_CXX_LIBRARY = "libc++";
				CLANG_ENABLE_MODULES = YES;
				CLANG_ENABLE_OBJC_ARC = YES;
				CLANG_ENABLE_OBJC_WEAK = YES;
				CLANG_WARN_BLOCK_CAPTURE_AUTORELEASING = YES;
				CLANG_WARN_BOOL_CONVERSION = YES;
				CLANG_WARN_COMMA = YES;
				CLANG_WARN_CONSTANT_CONVERSION = YES;
				CLANG_WARN_DEPRECATED_OBJC_IMPLEMENTATIONS = YES;
				CLANG_WARN_DIRECT_OBJC_ISA_USAGE = YES_ERROR;
				CLANG_WARN_DOCUMENTATION_COMMENTS = YES;
				CLANG_WARN_EMPTY_BODY = YES;
				CLANG_WARN_ENUM_CONVERSION = YES;
				CLANG_WARN_INFINITE_RECURSION = YES;
				CLANG_WARN_INT_CONVERSION = YES;
				CLANG_WARN_NON_LITERAL_NULL_CONVERSION = YES;
				CLANG_WARN_OBJC_IMPLICIT_RETAIN_SELF = YES;
				CLANG_WARN_OBJC_LITERAL_CONVERSION = YES;
				CLANG_WARN_OBJC_ROOT_CLASS = YES_ERROR;
				CLANG_WARN_QUOTED_INCLUDE_IN_FRAMEWORK_HEADER = YES;
				CLANG_WARN_RANGE_LOOP_ANALYSIS = YES;
				CLANG_WARN_STRICT_PROTOTYPES = YES;
				CLANG_WARN_SUSPICIOUS_MOVE = YES;
				CLANG_WARN_UNGUARDED_AVAILABILITY = YES_AGGRESSIVE;
				CLANG_WARN_UNREACHABLE_CODE = YES;
				CLANG_WARN__DUPLICATE_METHOD_MATCH = YES;
				COPY_PHASE_STRIP = NO;
				DEBUG_INFORMATION_FORMAT = dwarf;
				ENABLE_STRICT_OBJC_MSGSEND = YES;
				ENABLE_TESTABILITY = YES;
				GCC_C_LANGUAGE_STANDARD = gnu11;
				GCC_DYNAMIC_NO_PIC = NO;
				GCC_NO_COMMON_BLOCKS = YES;
				GCC_OPTIMIZATION_LEVEL = 0;
				GCC_PREPROCESSOR_DEFINITIONS = (
					"DEBUG=1",
					"$(inherited)",
				);
				GCC_WARN_64_TO_32_BIT_CONVERSION = YES;
				GCC_WARN_ABOUT_RETURN_TYPE = YES_ERROR;
				GCC_WARN_UNDECLARED_SELECTOR = YES;
				GCC_WARN_UNINITIALIZED_AUTOS = YES_AGGRESSIVE;
				GCC_WARN_UNUSED_FUNCTION = YES;
				GCC_WARN_UNUSED_VARIABLE = YES;
				IPHONEOS_DEPLOYMENT_TARGET = 14.3;
				MTL_ENABLE_DEBUG_INFO = INCLUDE_SOURCE;
				MTL_FAST_MATH = YES;
				ONLY_ACTIVE_ARCH = YES;
				SDKROOT = iphoneos;
				SWIFT_ACTIVE_COMPILATION_CONDITIONS = DEBUG;
				SWIFT_OPTIMIZATION_LEVEL = "-Onone";
			};
			name = Debug;
		};
		279E01E925AEA12200E88B52 /* Release */ = {
			isa = XCBuildConfiguration;
			buildSettings = {
				ALWAYS_SEARCH_USER_PATHS = NO;
				CLANG_ANALYZER_NONNULL = YES;
				CLANG_ANALYZER_NUMBER_OBJECT_CONVERSION = YES_AGGRESSIVE;
				CLANG_CXX_LANGUAGE_STANDARD = "gnu++14";
				CLANG_CXX_LIBRARY = "libc++";
				CLANG_ENABLE_MODULES = YES;
				CLANG_ENABLE_OBJC_ARC = YES;
				CLANG_ENABLE_OBJC_WEAK = YES;
				CLANG_WARN_BLOCK_CAPTURE_AUTORELEASING = YES;
				CLANG_WARN_BOOL_CONVERSION = YES;
				CLANG_WARN_COMMA = YES;
				CLANG_WARN_CONSTANT_CONVERSION = YES;
				CLANG_WARN_DEPRECATED_OBJC_IMPLEMENTATIONS = YES;
				CLANG_WARN_DIRECT_OBJC_ISA_USAGE = YES_ERROR;
				CLANG_WARN_DOCUMENTATION_COMMENTS = YES;
				CLANG_WARN_EMPTY_BODY = YES;
				CLANG_WARN_ENUM_CONVERSION = YES;
				CLANG_WARN_INFINITE_RECURSION = YES;
				CLANG_WARN_INT_CONVERSION = YES;
				CLANG_WARN_NON_LITERAL_NULL_CONVERSION = YES;
				CLANG_WARN_OBJC_IMPLICIT_RETAIN_SELF = YES;
				CLANG_WARN_OBJC_LITERAL_CONVERSION = YES;
				CLANG_WARN_OBJC_ROOT_CLASS = YES_ERROR;
				CLANG_WARN_QUOTED_INCLUDE_IN_FRAMEWORK_HEADER = YES;
				CLANG_WARN_RANGE_LOOP_ANALYSIS = YES;
				CLANG_WARN_STRICT_PROTOTYPES = YES;
				CLANG_WARN_SUSPICIOUS_MOVE = YES;
				CLANG_WARN_UNGUARDED_AVAILABILITY = YES_AGGRESSIVE;
				CLANG_WARN_UNREACHABLE_CODE = YES;
				CLANG_WARN__DUPLICATE_METHOD_MATCH = YES;
				COPY_PHASE_STRIP = NO;
				DEBUG_INFORMATION_FORMAT = "dwarf-with-dsym";
				ENABLE_NS_ASSERTIONS = NO;
				ENABLE_STRICT_OBJC_MSGSEND = YES;
				GCC_C_LANGUAGE_STANDARD = gnu11;
				GCC_NO_COMMON_BLOCKS = YES;
				GCC_WARN_64_TO_32_BIT_CONVERSION = YES;
				GCC_WARN_ABOUT_RETURN_TYPE = YES_ERROR;
				GCC_WARN_UNDECLARED_SELECTOR = YES;
				GCC_WARN_UNINITIALIZED_AUTOS = YES_AGGRESSIVE;
				GCC_WARN_UNUSED_FUNCTION = YES;
				GCC_WARN_UNUSED_VARIABLE = YES;
				IPHONEOS_DEPLOYMENT_TARGET = 14.3;
				MTL_ENABLE_DEBUG_INFO = NO;
				MTL_FAST_MATH = YES;
				SDKROOT = iphoneos;
				SWIFT_COMPILATION_MODE = wholemodule;
				SWIFT_OPTIMIZATION_LEVEL = "-O";
				VALIDATE_PRODUCT = YES;
			};
			name = Release;
		};
		279E01EB25AEA12200E88B52 /* Debug */ = {
			isa = XCBuildConfiguration;
			buildSettings = {
				ASSETCATALOG_COMPILER_APPICON_NAME = AppIcon;
				ASSETCATALOG_COMPILER_GLOBAL_ACCENT_COLOR_NAME = AccentColor;
				CODE_SIGN_STYLE = Automatic;
				DEVELOPMENT_ASSET_PATHS = "\"CRUD/Preview Content\"";
				DEVELOPMENT_TEAM = LKHQA4EBM9;
				ENABLE_PREVIEWS = YES;
				INFOPLIST_FILE = CRUD/Info.plist;
				IPHONEOS_DEPLOYMENT_TARGET = 14.0;
				LD_RUNPATH_SEARCH_PATHS = (
					"$(inherited)",
					"@executable_path/Frameworks",
				);
				PRODUCT_BUNDLE_IDENTIFIER = np.com.udinrajkarnikar.CRUD;
				PRODUCT_NAME = "$(TARGET_NAME)";
				SWIFT_VERSION = 5.0;
				TARGETED_DEVICE_FAMILY = "1,2";
			};
			name = Debug;
		};
		279E01EC25AEA12200E88B52 /* Release */ = {
			isa = XCBuildConfiguration;
			buildSettings = {
				ASSETCATALOG_COMPILER_APPICON_NAME = AppIcon;
				ASSETCATALOG_COMPILER_GLOBAL_ACCENT_COLOR_NAME = AccentColor;
				CODE_SIGN_STYLE = Automatic;
				DEVELOPMENT_ASSET_PATHS = "\"CRUD/Preview Content\"";
				DEVELOPMENT_TEAM = LKHQA4EBM9;
				ENABLE_PREVIEWS = YES;
				INFOPLIST_FILE = CRUD/Info.plist;
				IPHONEOS_DEPLOYMENT_TARGET = 14.0;
				LD_RUNPATH_SEARCH_PATHS = (
					"$(inherited)",
					"@executable_path/Frameworks",
				);
				PRODUCT_BUNDLE_IDENTIFIER = np.com.udinrajkarnikar.CRUD;
				PRODUCT_NAME = "$(TARGET_NAME)";
				SWIFT_VERSION = 5.0;
				TARGETED_DEVICE_FAMILY = "1,2";
			};
			name = Release;
		};
/* End XCBuildConfiguration section */

/* Begin XCConfigurationList section */
		279E01D625AEA11C00E88B52 /* Build configuration list for PBXProject "CRUD" */ = {
			isa = XCConfigurationList;
			buildConfigurations = (
				279E01E825AEA12200E88B52 /* Debug */,
				279E01E925AEA12200E88B52 /* Release */,
			);
			defaultConfigurationIsVisible = 0;
			defaultConfigurationName = Release;
		};
		279E01EA25AEA12200E88B52 /* Build configuration list for PBXNativeTarget "CRUD" */ = {
			isa = XCConfigurationList;
			buildConfigurations = (
				279E01EB25AEA12200E88B52 /* Debug */,
				279E01EC25AEA12200E88B52 /* Release */,
			);
			defaultConfigurationIsVisible = 0;
			defaultConfigurationName = Release;
		};
/* End XCConfigurationList section */

/* Begin XCRemoteSwiftPackageReference section */
		279E01EE25AEA30100E88B52 /* XCRemoteSwiftPackageReference "realm-cocoa" */ = {
			isa = XCRemoteSwiftPackageReference;
			repositoryURL = "https://github.com/realm/realm-cocoa.git";
			requirement = {
				kind = upToNextMajorVersion;
				minimumVersion = 10.5.0;
			};
		};
/* End XCRemoteSwiftPackageReference section */

/* Begin XCSwiftPackageProductDependency section */
		279E01EF25AEA30100E88B52 /* Realm */ = {
			isa = XCSwiftPackageProductDependency;
			package = 279E01EE25AEA30100E88B52 /* XCRemoteSwiftPackageReference "realm-cocoa" */;
			productName = Realm;
		};
		279E01F125AEA30100E88B52 /* RealmSwift */ = {
			isa = XCSwiftPackageProductDependency;
			package = 279E01EE25AEA30100E88B52 /* XCRemoteSwiftPackageReference "realm-cocoa" */;
			productName = RealmSwift;
		};
/* End XCSwiftPackageProductDependency section */
	};
	rootObject = 279E01D325AEA11C00E88B52 /* Project object */;
}
